
Microsoft Visual Studio Solution File, Format Version 12.00
# Visual Studio Version 16
VisualStudioVersion = 16.0.30503.244
MinimumVisualStudioVersion = 10.0.40219.1
Project("{FAE04EC0-301F-11D3-BF4B-00C04F79EFBC}") = "RestConverttoSoap", "RestConverttoSoap\RestConverttoSoap.csproj", "{92549FE1-D812-4F7C-A04E-C658F8E1063E}"
EndProject
Global
	GlobalSection(SolutionConfigurationPlatforms) = preSolution
		Debug|Any CPU = Debug|Any CPU
		Release|Any CPU = Release|Any CPU
	EndGlobalSection
	GlobalSection(ProjectConfigurationPlatforms) = postSolution
		{92549FE1-D812-4F7C-A04E-C658F8E1063E}.Debug|Any CPU.ActiveCfg = Debug|Any CPU
		{92549FE1-D812-4F7C-A04E-C658F8E1063E}.Debug|Any CPU.Build.0 = Debug|Any CPU
		{92549FE1-D812-4F7C-A04E-C658F8E1063E}.Release|Any CPU.ActiveCfg = Release|Any CPU
		{92549FE1-D812-4F7C-A04E-C658F8E1063E}.Release|Any CPU.Build.0 = Release|Any CPU
	EndGlobalSection
	GlobalSection(SolutionProperties) = preSolution
		HideSolutionNode = FALSE
	EndGlobalSection
	GlobalSection(ExtensibilityGlobals) = postSolution
		SolutionGuid = {E946F36D-1869-4DB9-805F-AA3B34741698}
	EndGlobalSection
EndGlobal
